
Microsoft Visual Studio Solution File, Format Version 12.00
# Visual Studio 15
VisualStudioVersion = 15.0.27428.2011
MinimumVisualStudioVersion = 10.0.40219.1
Project("{FAE04EC0-301F-11D3-BF4B-00C04F79EFBC}") = "dotNET_Core_Sample", "dotNET_Core_Sample\dotNET_Core_Sample.csproj", "{14D7F5D9-70F2-4F27-A9C8-6323D0EE1456}"
EndProject
Global
	GlobalSection(SolutionConfigurationPlatforms) = preSolution
		Debug|Any CPU = Debug|Any CPU
		Release|Any CPU = Release|Any CPU
	EndGlobalSection
	GlobalSection(ProjectConfigurationPlatforms) = postSolution
		{14D7F5D9-70F2-4F27-A9C8-6323D0EE1456}.Debug|Any CPU.ActiveCfg = Debug|Any CPU
		{14D7F5D9-70F2-4F27-A9C8-6323D0EE1456}.Debug|Any CPU.Build.0 = Debug|Any CPU
		{14D7F5D9-70F2-4F27-A9C8-6323D0EE1456}.Release|Any CPU.ActiveCfg = Release|Any CPU
		{14D7F5D9-70F2-4F27-A9C8-6323D0EE1456}.Release|Any CPU.Build.0 = Release|Any CPU
	EndGlobalSection
	GlobalSection(SolutionProperties) = preSolution
		HideSolutionNode = FALSE
	EndGlobalSection
	GlobalSection(ExtensibilityGlobals) = postSolution
		SolutionGuid = {66D6EBD2-FDC4-4586-B100-A0E8B9C692A0}
	EndGlobalSection
EndGlobal
